// !$*UTF8*$!
{
	archiveVersion = 1;
	classes = {
	};
	objectVersion = 46;
	objects = {

/* Begin PBXBuildFile section */
		200584F2B6CDF4377849DC3E /* Pods_HoneybeeUITests.framework in Frameworks */ = {isa = PBXBuildFile; fileRef = 92A52E8387B5F123C3F73CB8 /* Pods_HoneybeeUITests.framework */; };
		8612C2821DF02DEE00B3AD65 /* CalculateView.swift in Sources */ = {isa = PBXBuildFile; fileRef = 8612C2811DF02DEE00B3AD65 /* CalculateView.swift */; };
		861544491E4DAA1E00A6EEBD /* Silom.ttf in Resources */ = {isa = PBXBuildFile; fileRef = 861544481E4DAA1E00A6EEBD /* Silom.ttf */; };
		8615444B1E4DE50200A6EEBD /* Reocder.swift in Sources */ = {isa = PBXBuildFile; fileRef = 8615444A1E4DE50200A6EEBD /* Reocder.swift */; };
		8624F61D1E5047C00059788A /* RecordDetailHeader.swift in Sources */ = {isa = PBXBuildFile; fileRef = 8624F61C1E5047C00059788A /* RecordDetailHeader.swift */; };
		8627434E1DF2A8F8002597E1 /* DateView.swift in Sources */ = {isa = PBXBuildFile; fileRef = 8627434D1DF2A8F8002597E1 /* DateView.swift */; };
		8627BFB51E0BADFD00C1A257 /* CurveCell.swift in Sources */ = {isa = PBXBuildFile; fileRef = 8627BFB41E0BADFD00C1A257 /* CurveCell.swift */; };
		8627BFB91E0BC83300C1A257 /* LineView.swift in Sources */ = {isa = PBXBuildFile; fileRef = 8627BFB81E0BC83300C1A257 /* LineView.swift */; };
		863703AE1DEEB8BB00BC1153 /* SetupViewController.swift in Sources */ = {isa = PBXBuildFile; fileRef = 863703AD1DEEB8BB00BC1153 /* SetupViewController.swift */; };
		863703B21DEEDF7900BC1153 /* CardViewController.swift in Sources */ = {isa = PBXBuildFile; fileRef = 863703B11DEEDF7900BC1153 /* CardViewController.swift */; };
		8638A9A61DE56CB9002369F9 /* AppDelegate.swift in Sources */ = {isa = PBXBuildFile; fileRef = 8638A9A51DE56CB9002369F9 /* AppDelegate.swift */; };
		8638A9AD1DE56CB9002369F9 /* Assets.xcassets in Resources */ = {isa = PBXBuildFile; fileRef = 8638A9AC1DE56CB9002369F9 /* Assets.xcassets */; };
		8638A9B01DE56CB9002369F9 /* LaunchScreen.storyboard in Resources */ = {isa = PBXBuildFile; fileRef = 8638A9AE1DE56CB9002369F9 /* LaunchScreen.storyboard */; };
		8638A9BB1DE56CB9002369F9 /* HoneybeeTests.swift in Sources */ = {isa = PBXBuildFile; fileRef = 8638A9BA1DE56CB9002369F9 /* HoneybeeTests.swift */; };
		8638A9C61DE56CB9002369F9 /* HoneybeeUITests.swift in Sources */ = {isa = PBXBuildFile; fileRef = 8638A9C51DE56CB9002369F9 /* HoneybeeUITests.swift */; };
		86631B981E4C5BC600C33CA7 /* SectionCell.swift in Sources */ = {isa = PBXBuildFile; fileRef = 86631B961E4C5BC600C33CA7 /* SectionCell.swift */; };
		8683B2821DEEAC8D0023E3A6 /* MainViewController.swift in Sources */ = {isa = PBXBuildFile; fileRef = 8683B2811DEEAC8D0023E3A6 /* MainViewController.swift */; };
		8683B2841DEEB40E0023E3A6 /* CurveViewController.swift in Sources */ = {isa = PBXBuildFile; fileRef = 8683B2831DEEB40E0023E3A6 /* CurveViewController.swift */; };
		8689157E1DF990D20035CFD3 /* Extension.swift in Sources */ = {isa = PBXBuildFile; fileRef = 8689157D1DF990D20035CFD3 /* Extension.swift */; };
		868915801DF9955B0035CFD3 /* Theme.swift in Sources */ = {isa = PBXBuildFile; fileRef = 8689157F1DF9955B0035CFD3 /* Theme.swift */; };
		86937D291DF2783300F180F6 /* HBKeyboard.swift in Sources */ = {isa = PBXBuildFile; fileRef = 86937D281DF2783300F180F6 /* HBKeyboard.swift */; };
		8699664C1DFAE20B006EAD41 /* HBPresentationAnimator.swift in Sources */ = {isa = PBXBuildFile; fileRef = 8699664B1DFAE20B006EAD41 /* HBPresentationAnimator.swift */; };
		8699664E1DFAE245006EAD41 /* HBPresentationController.swift in Sources */ = {isa = PBXBuildFile; fileRef = 8699664D1DFAE245006EAD41 /* HBPresentationController.swift */; };
		86A442831DFBF433006D2A44 /* CollectionViewCell.swift in Sources */ = {isa = PBXBuildFile; fileRef = 86A442811DFBF433006D2A44 /* CollectionViewCell.swift */; };
		86A442841DFBF433006D2A44 /* CollectionViewCell.xib in Resources */ = {isa = PBXBuildFile; fileRef = 86A442821DFBF433006D2A44 /* CollectionViewCell.xib */; };
		86BBC33D1E0FAA0A009A7D5D /* BarView.swift in Sources */ = {isa = PBXBuildFile; fileRef = 86BBC33C1E0FAA0A009A7D5D /* BarView.swift */; };
		86D1702B1E51A4190004E192 /* RecordDetailFooter.swift in Sources */ = {isa = PBXBuildFile; fileRef = 86D1702A1E51A4190004E192 /* RecordDetailFooter.swift */; };
		86D1702D1E51BA560004E192 /* SetupHeader.swift in Sources */ = {isa = PBXBuildFile; fileRef = 86D1702C1E51BA560004E192 /* SetupHeader.swift */; };
		86D170311E51C4790004E192 /* SetupCell.swift in Sources */ = {isa = PBXBuildFile; fileRef = 86D170301E51C4790004E192 /* SetupCell.swift */; };
		86D1703D1E51DF4A0004E192 /* SetupItem.swift in Sources */ = {isa = PBXBuildFile; fileRef = 86D1703C1E51DF4A0004E192 /* SetupItem.swift */; };
		86D170431E51EAB70004E192 /* SetupFooter.swift in Sources */ = {isa = PBXBuildFile; fileRef = 86D170421E51EAB70004E192 /* SetupFooter.swift */; };
		86D170461E51EBCE0004E192 /* ProfileViewController.swift in Sources */ = {isa = PBXBuildFile; fileRef = 86D170451E51EBCE0004E192 /* ProfileViewController.swift */; };
		86D170481E51EBE70004E192 /* BaseViewController.swift in Sources */ = {isa = PBXBuildFile; fileRef = 86D170471E51EBE70004E192 /* BaseViewController.swift */; };
		86D1704A1E51EDCB0004E192 /* ProfileHeader.swift in Sources */ = {isa = PBXBuildFile; fileRef = 86D170491E51EDCB0004E192 /* ProfileHeader.swift */; };
		86DEBC9D1E4B0B35003F8FCF /* HeaderView.swift in Sources */ = {isa = PBXBuildFile; fileRef = 86DEBC9C1E4B0B35003F8FCF /* HeaderView.swift */; };
		86DEBCA01E4B10F9003F8FCF /* RecordCell.swift in Sources */ = {isa = PBXBuildFile; fileRef = 86DEBC9E1E4B10F9003F8FCF /* RecordCell.swift */; };
		86F6C85E1E4F1C63002016DB /* RecordLiteCell.swift in Sources */ = {isa = PBXBuildFile; fileRef = 86F6C85D1E4F1C63002016DB /* RecordLiteCell.swift */; };
		86F6C8601E4F2791002016DB /* GroupCell.swift in Sources */ = {isa = PBXBuildFile; fileRef = 86F6C85F1E4F2791002016DB /* GroupCell.swift */; };
		86F6C8641E4F2EBC002016DB /* RecordDetailController.swift in Sources */ = {isa = PBXBuildFile; fileRef = 86F6C8631E4F2EBC002016DB /* RecordDetailController.swift */; };
		86F6C8671E4F4C0D002016DB /* RecordDetailCell.swift in Sources */ = {isa = PBXBuildFile; fileRef = 86F6C8661E4F4C0D002016DB /* RecordDetailCell.swift */; };
		86FC4EC61E1112B10048E183 /* PieViewController.swift in Sources */ = {isa = PBXBuildFile; fileRef = 86FC4EC51E1112B10048E183 /* PieViewController.swift */; };
		951AFDF0EF2C81C80129CFEA /* Pods_HoneybeeTests.framework in Frameworks */ = {isa = PBXBuildFile; fileRef = 3D6CDE7042CCB2904732E52E /* Pods_HoneybeeTests.framework */; };
		DEBACD03F2F9F4F098685DAD /* Pods_Honeybee.framework in Frameworks */ = {isa = PBXBuildFile; fileRef = 3B5692E3AB3757B76FF611A5 /* Pods_Honeybee.framework */; };
/* End PBXBuildFile section */

/* Begin PBXContainerItemProxy section */
		8638A9B71DE56CB9002369F9 /* PBXContainerItemProxy */ = {
			isa = PBXContainerItemProxy;
			containerPortal = 8638A99A1DE56CB9002369F9 /* Project object */;
			proxyType = 1;
			remoteGlobalIDString = 8638A9A11DE56CB9002369F9;
			remoteInfo = Honeybee;
		};
		8638A9C21DE56CB9002369F9 /* PBXContainerItemProxy */ = {
			isa = PBXContainerItemProxy;
			containerPortal = 8638A99A1DE56CB9002369F9 /* Project object */;
			proxyType = 1;
			remoteGlobalIDString = 8638A9A11DE56CB9002369F9;
			remoteInfo = Honeybee;
		};
/* End PBXContainerItemProxy section */

/* Begin PBXFileReference section */
		243904903840541E18B9742B /* Pods-Honeybee.release.xcconfig */ = {isa = PBXFileReference; includeInIndex = 1; lastKnownFileType = text.xcconfig; name = "Pods-Honeybee.release.xcconfig"; path = "Pods/Target Support Files/Pods-Honeybee/Pods-Honeybee.release.xcconfig"; sourceTree = "<group>"; };
		3B5692E3AB3757B76FF611A5 /* Pods_Honeybee.framework */ = {isa = PBXFileReference; explicitFileType = wrapper.framework; includeInIndex = 0; path = Pods_Honeybee.framework; sourceTree = BUILT_PRODUCTS_DIR; };
		3D6CDE7042CCB2904732E52E /* Pods_HoneybeeTests.framework */ = {isa = PBXFileReference; explicitFileType = wrapper.framework; includeInIndex = 0; path = Pods_HoneybeeTests.framework; sourceTree = BUILT_PRODUCTS_DIR; };
		602B4AA0738D3A5A175F2145 /* Pods-HoneybeeTests.release.xcconfig */ = {isa = PBXFileReference; includeInIndex = 1; lastKnownFileType = text.xcconfig; name = "Pods-HoneybeeTests.release.xcconfig"; path = "Pods/Target Support Files/Pods-HoneybeeTests/Pods-HoneybeeTests.release.xcconfig"; sourceTree = "<group>"; };
		7F9F8339673706F2CFC7B4F1 /* Pods-HoneybeeUITests.debug.xcconfig */ = {isa = PBXFileReference; includeInIndex = 1; lastKnownFileType = text.xcconfig; name = "Pods-HoneybeeUITests.debug.xcconfig"; path = "Pods/Target Support Files/Pods-HoneybeeUITests/Pods-HoneybeeUITests.debug.xcconfig"; sourceTree = "<group>"; };
		8612C2811DF02DEE00B3AD65 /* CalculateView.swift */ = {isa = PBXFileReference; fileEncoding = 4; lastKnownFileType = sourcecode.swift; path = CalculateView.swift; sourceTree = "<group>"; };
		861544481E4DAA1E00A6EEBD /* Silom.ttf */ = {isa = PBXFileReference; lastKnownFileType = file; path = Silom.ttf; sourceTree = "<group>"; };
		8615444A1E4DE50200A6EEBD /* Reocder.swift */ = {isa = PBXFileReference; fileEncoding = 4; lastKnownFileType = sourcecode.swift; path = Reocder.swift; sourceTree = "<group>"; };
		8624F61C1E5047C00059788A /* RecordDetailHeader.swift */ = {isa = PBXFileReference; fileEncoding = 4; lastKnownFileType = sourcecode.swift; path = RecordDetailHeader.swift; sourceTree = "<group>"; };
		8627434D1DF2A8F8002597E1 /* DateView.swift */ = {isa = PBXFileReference; fileEncoding = 4; lastKnownFileType = sourcecode.swift; path = DateView.swift; sourceTree = "<group>"; };
		8627BFB41E0BADFD00C1A257 /* CurveCell.swift */ = {isa = PBXFileReference; fileEncoding = 4; lastKnownFileType = sourcecode.swift; path = CurveCell.swift; sourceTree = "<group>"; };
		8627BFB81E0BC83300C1A257 /* LineView.swift */ = {isa = PBXFileReference; fileEncoding = 4; lastKnownFileType = sourcecode.swift; path = LineView.swift; sourceTree = "<group>"; };
		863703AD1DEEB8BB00BC1153 /* SetupViewController.swift */ = {isa = PBXFileReference; fileEncoding = 4; lastKnownFileType = sourcecode.swift; path = SetupViewController.swift; sourceTree = "<group>"; };
		863703B11DEEDF7900BC1153 /* CardViewController.swift */ = {isa = PBXFileReference; fileEncoding = 4; lastKnownFileType = sourcecode.swift; path = CardViewController.swift; sourceTree = "<group>"; };
		8638A9A21DE56CB9002369F9 /* Honeybee.app */ = {isa = PBXFileReference; explicitFileType = wrapper.application; includeInIndex = 0; path = Honeybee.app; sourceTree = BUILT_PRODUCTS_DIR; };
		8638A9A51DE56CB9002369F9 /* AppDelegate.swift */ = {isa = PBXFileReference; lastKnownFileType = sourcecode.swift; path = AppDelegate.swift; sourceTree = "<group>"; };
		8638A9AC1DE56CB9002369F9 /* Assets.xcassets */ = {isa = PBXFileReference; lastKnownFileType = folder.assetcatalog; path = Assets.xcassets; sourceTree = "<group>"; };
		8638A9AF1DE56CB9002369F9 /* Base */ = {isa = PBXFileReference; lastKnownFileType = file.storyboard; name = Base; path = Base.lproj/LaunchScreen.storyboard; sourceTree = "<group>"; };
		8638A9B11DE56CB9002369F9 /* Info.plist */ = {isa = PBXFileReference; lastKnownFileType = text.plist.xml; path = Info.plist; sourceTree = "<group>"; };
		8638A9B61DE56CB9002369F9 /* HoneybeeTests.xctest */ = {isa = PBXFileReference; explicitFileType = wrapper.cfbundle; includeInIndex = 0; path = HoneybeeTests.xctest; sourceTree = BUILT_PRODUCTS_DIR; };
		8638A9BA1DE56CB9002369F9 /* HoneybeeTests.swift */ = {isa = PBXFileReference; lastKnownFileType = sourcecode.swift; path = HoneybeeTests.swift; sourceTree = "<group>"; };
		8638A9BC1DE56CB9002369F9 /* Info.plist */ = {isa = PBXFileReference; lastKnownFileType = text.plist.xml; path = Info.plist; sourceTree = "<group>"; };
		8638A9C11DE56CB9002369F9 /* HoneybeeUITests.xctest */ = {isa = PBXFileReference; explicitFileType = wrapper.cfbundle; includeInIndex = 0; path = HoneybeeUITests.xctest; sourceTree = BUILT_PRODUCTS_DIR; };
		8638A9C51DE56CB9002369F9 /* HoneybeeUITests.swift */ = {isa = PBXFileReference; lastKnownFileType = sourcecode.swift; path = HoneybeeUITests.swift; sourceTree = "<group>"; };
		8638A9C71DE56CB9002369F9 /* Info.plist */ = {isa = PBXFileReference; lastKnownFileType = text.plist.xml; path = Info.plist; sourceTree = "<group>"; };
		86631B961E4C5BC600C33CA7 /* SectionCell.swift */ = {isa = PBXFileReference; fileEncoding = 4; lastKnownFileType = sourcecode.swift; path = SectionCell.swift; sourceTree = "<group>"; };
		8683B2811DEEAC8D0023E3A6 /* MainViewController.swift */ = {isa = PBXFileReference; fileEncoding = 4; lastKnownFileType = sourcecode.swift; path = MainViewController.swift; sourceTree = "<group>"; };
		8683B2831DEEB40E0023E3A6 /* CurveViewController.swift */ = {isa = PBXFileReference; fileEncoding = 4; lastKnownFileType = sourcecode.swift; path = CurveViewController.swift; sourceTree = "<group>"; };
		8689157D1DF990D20035CFD3 /* Extension.swift */ = {isa = PBXFileReference; fileEncoding = 4; lastKnownFileType = sourcecode.swift; path = Extension.swift; sourceTree = "<group>"; };
		8689157F1DF9955B0035CFD3 /* Theme.swift */ = {isa = PBXFileReference; fileEncoding = 4; lastKnownFileType = sourcecode.swift; path = Theme.swift; sourceTree = "<group>"; };
		86937D281DF2783300F180F6 /* HBKeyboard.swift */ = {isa = PBXFileReference; fileEncoding = 4; lastKnownFileType = sourcecode.swift; path = HBKeyboard.swift; sourceTree = "<group>"; };
		8699664B1DFAE20B006EAD41 /* HBPresentationAnimator.swift */ = {isa = PBXFileReference; fileEncoding = 4; lastKnownFileType = sourcecode.swift; path = HBPresentationAnimator.swift; sourceTree = "<group>"; };
		8699664D1DFAE245006EAD41 /* HBPresentationController.swift */ = {isa = PBXFileReference; fileEncoding = 4; lastKnownFileType = sourcecode.swift; path = HBPresentationController.swift; sourceTree = "<group>"; };
		86A442811DFBF433006D2A44 /* CollectionViewCell.swift */ = {isa = PBXFileReference; fileEncoding = 4; lastKnownFileType = sourcecode.swift; path = CollectionViewCell.swift; sourceTree = "<group>"; };
		86A442821DFBF433006D2A44 /* CollectionViewCell.xib */ = {isa = PBXFileReference; fileEncoding = 4; lastKnownFileType = file.xib; path = CollectionViewCell.xib; sourceTree = "<group>"; };
		86BBC33C1E0FAA0A009A7D5D /* BarView.swift */ = {isa = PBXFileReference; fileEncoding = 4; lastKnownFileType = sourcecode.swift; path = BarView.swift; sourceTree = "<group>"; };
		86D1702A1E51A4190004E192 /* RecordDetailFooter.swift */ = {isa = PBXFileReference; fileEncoding = 4; lastKnownFileType = sourcecode.swift; path = RecordDetailFooter.swift; sourceTree = "<group>"; };
		86D1702C1E51BA560004E192 /* SetupHeader.swift */ = {isa = PBXFileReference; fileEncoding = 4; lastKnownFileType = sourcecode.swift; path = SetupHeader.swift; sourceTree = "<group>"; };
		86D170301E51C4790004E192 /* SetupCell.swift */ = {isa = PBXFileReference; fileEncoding = 4; lastKnownFileType = sourcecode.swift; path = SetupCell.swift; sourceTree = "<group>"; };
		86D1703C1E51DF4A0004E192 /* SetupItem.swift */ = {isa = PBXFileReference; fileEncoding = 4; lastKnownFileType = sourcecode.swift; path = SetupItem.swift; sourceTree = "<group>"; };
		86D170421E51EAB70004E192 /* SetupFooter.swift */ = {isa = PBXFileReference; fileEncoding = 4; lastKnownFileType = sourcecode.swift; path = SetupFooter.swift; sourceTree = "<group>"; };
		86D170451E51EBCE0004E192 /* ProfileViewController.swift */ = {isa = PBXFileReference; fileEncoding = 4; lastKnownFileType = sourcecode.swift; path = ProfileViewController.swift; sourceTree = "<group>"; };
		86D170471E51EBE70004E192 /* BaseViewController.swift */ = {isa = PBXFileReference; fileEncoding = 4; lastKnownFileType = sourcecode.swift; path = BaseViewController.swift; sourceTree = "<group>"; };
		86D170491E51EDCB0004E192 /* ProfileHeader.swift */ = {isa = PBXFileReference; fileEncoding = 4; lastKnownFileType = sourcecode.swift; path = ProfileHeader.swift; sourceTree = "<group>"; };
		86DEBC9C1E4B0B35003F8FCF /* HeaderView.swift */ = {isa = PBXFileReference; fileEncoding = 4; lastKnownFileType = sourcecode.swift; path = HeaderView.swift; sourceTree = "<group>"; };
		86DEBC9E1E4B10F9003F8FCF /* RecordCell.swift */ = {isa = PBXFileReference; fileEncoding = 4; lastKnownFileType = sourcecode.swift; path = RecordCell.swift; sourceTree = "<group>"; };
		86F6C85D1E4F1C63002016DB /* RecordLiteCell.swift */ = {isa = PBXFileReference; fileEncoding = 4; lastKnownFileType = sourcecode.swift; path = RecordLiteCell.swift; sourceTree = "<group>"; };
		86F6C85F1E4F2791002016DB /* GroupCell.swift */ = {isa = PBXFileReference; fileEncoding = 4; lastKnownFileType = sourcecode.swift; path = GroupCell.swift; sourceTree = "<group>"; };
		86F6C8631E4F2EBC002016DB /* RecordDetailController.swift */ = {isa = PBXFileReference; fileEncoding = 4; lastKnownFileType = sourcecode.swift; path = RecordDetailController.swift; sourceTree = "<group>"; };
		86F6C8661E4F4C0D002016DB /* RecordDetailCell.swift */ = {isa = PBXFileReference; fileEncoding = 4; lastKnownFileType = sourcecode.swift; path = RecordDetailCell.swift; sourceTree = "<group>"; };
		86FC4EC51E1112B10048E183 /* PieViewController.swift */ = {isa = PBXFileReference; fileEncoding = 4; lastKnownFileType = sourcecode.swift; path = PieViewController.swift; sourceTree = "<group>"; };
		92A52E8387B5F123C3F73CB8 /* Pods_HoneybeeUITests.framework */ = {isa = PBXFileReference; explicitFileType = wrapper.framework; includeInIndex = 0; path = Pods_HoneybeeUITests.framework; sourceTree = BUILT_PRODUCTS_DIR; };
		CEE21B7DC4D76AD098C5311D /* Pods-HoneybeeTests.debug.xcconfig */ = {isa = PBXFileReference; includeInIndex = 1; lastKnownFileType = text.xcconfig; name = "Pods-HoneybeeTests.debug.xcconfig"; path = "Pods/Target Support Files/Pods-HoneybeeTests/Pods-HoneybeeTests.debug.xcconfig"; sourceTree = "<group>"; };
		F982BFEEE7A582773E068CF7 /* Pods-Honeybee.debug.xcconfig */ = {isa = PBXFileReference; includeInIndex = 1; lastKnownFileType = text.xcconfig; name = "Pods-Honeybee.debug.xcconfig"; path = "Pods/Target Support Files/Pods-Honeybee/Pods-Honeybee.debug.xcconfig"; sourceTree = "<group>"; };
		FF2FA733DB868EB5C063512A /* Pods-HoneybeeUITests.release.xcconfig */ = {isa = PBXFileReference; includeInIndex = 1; lastKnownFileType = text.xcconfig; name = "Pods-HoneybeeUITests.release.xcconfig"; path = "Pods/Target Support Files/Pods-HoneybeeUITests/Pods-HoneybeeUITests.release.xcconfig"; sourceTree = "<group>"; };
/* End PBXFileReference section */

/* Begin PBXFrameworksBuildPhase section */
		8638A99F1DE56CB9002369F9 /* Frameworks */ = {
			isa = PBXFrameworksBuildPhase;
			buildActionMask = 2147483647;
			files = (
				DEBACD03F2F9F4F098685DAD /* Pods_Honeybee.framework in Frameworks */,
			);
			runOnlyForDeploymentPostprocessing = 0;
		};
		8638A9B31DE56CB9002369F9 /* Frameworks */ = {
			isa = PBXFrameworksBuildPhase;
			buildActionMask = 2147483647;
			files = (
				951AFDF0EF2C81C80129CFEA /* Pods_HoneybeeTests.framework in Frameworks */,
			);
			runOnlyForDeploymentPostprocessing = 0;
		};
		8638A9BE1DE56CB9002369F9 /* Frameworks */ = {
			isa = PBXFrameworksBuildPhase;
			buildActionMask = 2147483647;
			files = (
				200584F2B6CDF4377849DC3E /* Pods_HoneybeeUITests.framework in Frameworks */,
			);
			runOnlyForDeploymentPostprocessing = 0;
		};
/* End PBXFrameworksBuildPhase section */

/* Begin PBXGroup section */
		861544471E4DA9D200A6EEBD /* Source */ = {
			isa = PBXGroup;
			children = (
				861544481E4DAA1E00A6EEBD /* Silom.ttf */,
			);
			name = Source;
			sourceTree = "<group>";
		};
		8638A9991DE56CB9002369F9 = {
			isa = PBXGroup;
			children = (
				8638A9A41DE56CB9002369F9 /* Honeybee */,
				8638A9B91DE56CB9002369F9 /* HoneybeeTests */,
				8638A9C41DE56CB9002369F9 /* HoneybeeUITests */,
				8638A9A31DE56CB9002369F9 /* Products */,
				AF9030F8C63A9F064CC120DD /* Pods */,
				DDA4C8184388152671527A32 /* Frameworks */,
			);
			sourceTree = "<group>";
		};
		8638A9A31DE56CB9002369F9 /* Products */ = {
			isa = PBXGroup;
			children = (
				8638A9A21DE56CB9002369F9 /* Honeybee.app */,
				8638A9B61DE56CB9002369F9 /* HoneybeeTests.xctest */,
				8638A9C11DE56CB9002369F9 /* HoneybeeUITests.xctest */,
			);
			name = Products;
			sourceTree = "<group>";
		};
		8638A9A41DE56CB9002369F9 /* Honeybee */ = {
			isa = PBXGroup;
			children = (
				8638A9A51DE56CB9002369F9 /* AppDelegate.swift */,
				86E5746C1E4C6E1C001255CD /* Mian */,
				86F6C8651E4F2F11002016DB /* RecordDetail */,
				86E5746D1E4C6E32001255CD /* Add */,
				86E5746E1E4C6E6C001255CD /* Chart */,
				86E5746F1E4C6E88001255CD /* Profile */,
				86E574701E4C6EBC001255CD /* Other */,
				861544471E4DA9D200A6EEBD /* Source */,
				8638A9AC1DE56CB9002369F9 /* Assets.xcassets */,
				8638A9AE1DE56CB9002369F9 /* LaunchScreen.storyboard */,
				8638A9B11DE56CB9002369F9 /* Info.plist */,
			);
			path = Honeybee;
			sourceTree = "<group>";
		};
		8638A9B91DE56CB9002369F9 /* HoneybeeTests */ = {
			isa = PBXGroup;
			children = (
				8638A9BA1DE56CB9002369F9 /* HoneybeeTests.swift */,
				8638A9BC1DE56CB9002369F9 /* Info.plist */,
			);
			path = HoneybeeTests;
			sourceTree = "<group>";
		};
		8638A9C41DE56CB9002369F9 /* HoneybeeUITests */ = {
			isa = PBXGroup;
			children = (
				8638A9C51DE56CB9002369F9 /* HoneybeeUITests.swift */,
				8638A9C71DE56CB9002369F9 /* Info.plist */,
			);
			path = HoneybeeUITests;
			sourceTree = "<group>";
		};
		86D170441E51EBA90004E192 /* Detail */ = {
			isa = PBXGroup;
			children = (
				86D170471E51EBE70004E192 /* BaseViewController.swift */,
				86D170451E51EBCE0004E192 /* ProfileViewController.swift */,
				86D170491E51EDCB0004E192 /* ProfileHeader.swift */,
			);
			name = Detail;
			sourceTree = "<group>";
		};
		86E5746C1E4C6E1C001255CD /* Mian */ = {
			isa = PBXGroup;
			children = (
				8683B2811DEEAC8D0023E3A6 /* MainViewController.swift */,
				86F6C85F1E4F2791002016DB /* GroupCell.swift */,
				86DEBC9C1E4B0B35003F8FCF /* HeaderView.swift */,
				86DEBC9E1E4B10F9003F8FCF /* RecordCell.swift */,
				86631B961E4C5BC600C33CA7 /* SectionCell.swift */,
				86F6C85D1E4F1C63002016DB /* RecordLiteCell.swift */,
				8615444A1E4DE50200A6EEBD /* Reocder.swift */,
			);
			name = Mian;
			sourceTree = "<group>";
		};
		86E5746D1E4C6E32001255CD /* Add */ = {
			isa = PBXGroup;
			children = (
				863703B11DEEDF7900BC1153 /* CardViewController.swift */,
				86E574711E4C6ED5001255CD /* Keyboard */,
				86E574721E4C6EE7001255CD /* PresentTransition */,
				86A442811DFBF433006D2A44 /* CollectionViewCell.swift */,
				86A442821DFBF433006D2A44 /* CollectionViewCell.xib */,
			);
			name = Add;
			sourceTree = "<group>";
		};
		86E5746E1E4C6E6C001255CD /* Chart */ = {
			isa = PBXGroup;
			children = (
				86BBC33C1E0FAA0A009A7D5D /* BarView.swift */,
				86FC4EC51E1112B10048E183 /* PieViewController.swift */,
				8683B2831DEEB40E0023E3A6 /* CurveViewController.swift */,
				8627BFB41E0BADFD00C1A257 /* CurveCell.swift */,
				8627BFB81E0BC83300C1A257 /* LineView.swift */,
			);
			name = Chart;
			sourceTree = "<group>";
		};
		86E5746F1E4C6E88001255CD /* Profile */ = {
			isa = PBXGroup;
			children = (
				863703AD1DEEB8BB00BC1153 /* SetupViewController.swift */,
				86D1702C1E51BA560004E192 /* SetupHeader.swift */,
				86D170421E51EAB70004E192 /* SetupFooter.swift */,
				86D170301E51C4790004E192 /* SetupCell.swift */,
				86D1703C1E51DF4A0004E192 /* SetupItem.swift */,
				86D170441E51EBA90004E192 /* Detail */,
			);
			name = Profile;
			sourceTree = "<group>";
		};
		86E574701E4C6EBC001255CD /* Other */ = {
			isa = PBXGroup;
			children = (
				8689157D1DF990D20035CFD3 /* Extension.swift */,
				8689157F1DF9955B0035CFD3 /* Theme.swift */,
			);
			name = Other;
			sourceTree = "<group>";
		};
		86E574711E4C6ED5001255CD /* Keyboard */ = {
			isa = PBXGroup;
			children = (
				8627434D1DF2A8F8002597E1 /* DateView.swift */,
				8612C2811DF02DEE00B3AD65 /* CalculateView.swift */,
				86937D281DF2783300F180F6 /* HBKeyboard.swift */,
			);
			name = Keyboard;
			sourceTree = "<group>";
		};
		86E574721E4C6EE7001255CD /* PresentTransition */ = {
			isa = PBXGroup;
			children = (
				8699664D1DFAE245006EAD41 /* HBPresentationController.swift */,
				8699664B1DFAE20B006EAD41 /* HBPresentationAnimator.swift */,
			);
			name = PresentTransition;
			sourceTree = "<group>";
		};
		86F6C8651E4F2F11002016DB /* RecordDetail */ = {
			isa = PBXGroup;
			children = (
				86F6C8631E4F2EBC002016DB /* RecordDetailController.swift */,
				8624F61C1E5047C00059788A /* RecordDetailHeader.swift */,
				86D1702A1E51A4190004E192 /* RecordDetailFooter.swift */,
				86F6C8661E4F4C0D002016DB /* RecordDetailCell.swift */,
			);
			name = RecordDetail;
			sourceTree = "<group>";
		};
		AF9030F8C63A9F064CC120DD /* Pods */ = {
			isa = PBXGroup;
			children = (
				F982BFEEE7A582773E068CF7 /* Pods-Honeybee.debug.xcconfig */,
				243904903840541E18B9742B /* Pods-Honeybee.release.xcconfig */,
				CEE21B7DC4D76AD098C5311D /* Pods-HoneybeeTests.debug.xcconfig */,
				602B4AA0738D3A5A175F2145 /* Pods-HoneybeeTests.release.xcconfig */,
				7F9F8339673706F2CFC7B4F1 /* Pods-HoneybeeUITests.debug.xcconfig */,
				FF2FA733DB868EB5C063512A /* Pods-HoneybeeUITests.release.xcconfig */,
			);
			name = Pods;
			sourceTree = "<group>";
		};
		DDA4C8184388152671527A32 /* Frameworks */ = {
			isa = PBXGroup;
			children = (
				3B5692E3AB3757B76FF611A5 /* Pods_Honeybee.framework */,
				3D6CDE7042CCB2904732E52E /* Pods_HoneybeeTests.framework */,
				92A52E8387B5F123C3F73CB8 /* Pods_HoneybeeUITests.framework */,
			);
			name = Frameworks;
			sourceTree = "<group>";
		};
/* End PBXGroup section */

/* Begin PBXNativeTarget section */
		8638A9A11DE56CB9002369F9 /* Honeybee */ = {
			isa = PBXNativeTarget;
			buildConfigurationList = 8638A9CA1DE56CB9002369F9 /* Build configuration list for PBXNativeTarget "Honeybee" */;
			buildPhases = (
				40FD0DCD7789CC56F4F06B48 /* [CP] Check Pods Manifest.lock */,
				8638A99E1DE56CB9002369F9 /* Sources */,
				8638A99F1DE56CB9002369F9 /* Frameworks */,
				8638A9A01DE56CB9002369F9 /* Resources */,
				C648265B7348E548F8AA9EEC /* [CP] Embed Pods Frameworks */,
				C690695FE873F3D4094E1110 /* [CP] Copy Pods Resources */,
			);
			buildRules = (
			);
			dependencies = (
			);
			name = Honeybee;
			productName = Honeybee;
			productReference = 8638A9A21DE56CB9002369F9 /* Honeybee.app */;
			productType = "com.apple.product-type.application";
		};
		8638A9B51DE56CB9002369F9 /* HoneybeeTests */ = {
			isa = PBXNativeTarget;
			buildConfigurationList = 8638A9CD1DE56CB9002369F9 /* Build configuration list for PBXNativeTarget "HoneybeeTests" */;
			buildPhases = (
				1843FDDB9F5C6271CDAA1D17 /* [CP] Check Pods Manifest.lock */,
				8638A9B21DE56CB9002369F9 /* Sources */,
				8638A9B31DE56CB9002369F9 /* Frameworks */,
				8638A9B41DE56CB9002369F9 /* Resources */,
				F2BDCC69BCC1478FD6C63610 /* [CP] Embed Pods Frameworks */,
				D66A4F76845CC4E6B53A4978 /* [CP] Copy Pods Resources */,
			);
			buildRules = (
			);
			dependencies = (
				8638A9B81DE56CB9002369F9 /* PBXTargetDependency */,
			);
			name = HoneybeeTests;
			productName = HoneybeeTests;
			productReference = 8638A9B61DE56CB9002369F9 /* HoneybeeTests.xctest */;
			productType = "com.apple.product-type.bundle.unit-test";
		};
		8638A9C01DE56CB9002369F9 /* HoneybeeUITests */ = {
			isa = PBXNativeTarget;
			buildConfigurationList = 8638A9D01DE56CB9002369F9 /* Build configuration list for PBXNativeTarget "HoneybeeUITests" */;
			buildPhases = (
				7D4FBD2AA3771BF784A071C9 /* [CP] Check Pods Manifest.lock */,
				8638A9BD1DE56CB9002369F9 /* Sources */,
				8638A9BE1DE56CB9002369F9 /* Frameworks */,
				8638A9BF1DE56CB9002369F9 /* Resources */,
				7C1EC23EFB6C80A3617962E3 /* [CP] Embed Pods Frameworks */,
				80B96AC0724B6BA2F9E240C5 /* [CP] Copy Pods Resources */,
			);
			buildRules = (
			);
			dependencies = (
				8638A9C31DE56CB9002369F9 /* PBXTargetDependency */,
			);
			name = HoneybeeUITests;
			productName = HoneybeeUITests;
			productReference = 8638A9C11DE56CB9002369F9 /* HoneybeeUITests.xctest */;
			productType = "com.apple.product-type.bundle.ui-testing";
		};
/* End PBXNativeTarget section */

/* Begin PBXProject section */
		8638A99A1DE56CB9002369F9 /* Project object */ = {
			isa = PBXProject;
			attributes = {
				LastSwiftUpdateCheck = 0810;
				LastUpgradeCheck = 0810;
				ORGANIZATIONNAME = "Dongbing Hou";
				TargetAttributes = {
					8638A9A11DE56CB9002369F9 = {
						CreatedOnToolsVersion = 8.1;
						DevelopmentTeam = WH5LSELR4Q;
						LastSwiftMigration = 0820;
						ProvisioningStyle = Automatic;
					};
					8638A9B51DE56CB9002369F9 = {
						CreatedOnToolsVersion = 8.1;
						DevelopmentTeam = WH5LSELR4Q;
						ProvisioningStyle = Automatic;
						TestTargetID = 8638A9A11DE56CB9002369F9;
					};
					8638A9C01DE56CB9002369F9 = {
						CreatedOnToolsVersion = 8.1;
						DevelopmentTeam = WH5LSELR4Q;
						ProvisioningStyle = Automatic;
						TestTargetID = 8638A9A11DE56CB9002369F9;
					};
				};
			};
			buildConfigurationList = 8638A99D1DE56CB9002369F9 /* Build configuration list for PBXProject "Honeybee" */;
			compatibilityVersion = "Xcode 3.2";
			developmentRegion = English;
			hasScannedForEncodings = 0;
			knownRegions = (
				en,
				Base,
			);
			mainGroup = 8638A9991DE56CB9002369F9;
			productRefGroup = 8638A9A31DE56CB9002369F9 /* Products */;
			projectDirPath = "";
			projectRoot = "";
			targets = (
				8638A9A11DE56CB9002369F9 /* Honeybee */,
				8638A9B51DE56CB9002369F9 /* HoneybeeTests */,
				8638A9C01DE56CB9002369F9 /* HoneybeeUITests */,
			);
		};
/* End PBXProject section */

/* Begin PBXResourcesBuildPhase section */
		8638A9A01DE56CB9002369F9 /* Resources */ = {
			isa = PBXResourcesBuildPhase;
			buildActionMask = 2147483647;
			files = (
				8638A9B01DE56CB9002369F9 /* LaunchScreen.storyboard in Resources */,
				8638A9AD1DE56CB9002369F9 /* Assets.xcassets in Resources */,
				86A442841DFBF433006D2A44 /* CollectionViewCell.xib in Resources */,
				861544491E4DAA1E00A6EEBD /* Silom.ttf in Resources */,
			);
			runOnlyForDeploymentPostprocessing = 0;
		};
		8638A9B41DE56CB9002369F9 /* Resources */ = {
			isa = PBXResourcesBuildPhase;
			buildActionMask = 2147483647;
			files = (
			);
			runOnlyForDeploymentPostprocessing = 0;
		};
		8638A9BF1DE56CB9002369F9 /* Resources */ = {
			isa = PBXResourcesBuildPhase;
			buildActionMask = 2147483647;
			files = (
			);
			runOnlyForDeploymentPostprocessing = 0;
		};
/* End PBXResourcesBuildPhase section */

/* Begin PBXShellScriptBuildPhase section */
		1843FDDB9F5C6271CDAA1D17 /* [CP] Check Pods Manifest.lock */ = {
			isa = PBXShellScriptBuildPhase;
			buildActionMask = 2147483647;
			files = (
			);
			inputPaths = (
			);
			name = "[CP] Check Pods Manifest.lock";
			outputPaths = (
			);
			runOnlyForDeploymentPostprocessing = 0;
			shellPath = /bin/sh;
			shellScript = "diff \"${PODS_ROOT}/../Podfile.lock\" \"${PODS_ROOT}/Manifest.lock\" > /dev/null\nif [ $? != 0 ] ; then\n    # print error to STDERR\n    echo \"error: The sandbox is not in sync with the Podfile.lock. Run 'pod install' or update your CocoaPods installation.\" >&2\n    exit 1\nfi\n";
			showEnvVarsInLog = 0;
		};
		40FD0DCD7789CC56F4F06B48 /* [CP] Check Pods Manifest.lock */ = {
			isa = PBXShellScriptBuildPhase;
			buildActionMask = 2147483647;
			files = (
			);
			inputPaths = (
			);
			name = "[CP] Check Pods Manifest.lock";
			outputPaths = (
			);
			runOnlyForDeploymentPostprocessing = 0;
			shellPath = /bin/sh;
			shellScript = "diff \"${PODS_ROOT}/../Podfile.lock\" \"${PODS_ROOT}/Manifest.lock\" > /dev/null\nif [ $? != 0 ] ; then\n    # print error to STDERR\n    echo \"error: The sandbox is not in sync with the Podfile.lock. Run 'pod install' or update your CocoaPods installation.\" >&2\n    exit 1\nfi\n";
			showEnvVarsInLog = 0;
		};
		7C1EC23EFB6C80A3617962E3 /* [CP] Embed Pods Frameworks */ = {
			isa = PBXShellScriptBuildPhase;
			buildActionMask = 2147483647;
			files = (
			);
			inputPaths = (
			);
			name = "[CP] Embed Pods Frameworks";
			outputPaths = (
			);
			runOnlyForDeploymentPostprocessing = 0;
			shellPath = /bin/sh;
			shellScript = "\"${SRCROOT}/Pods/Target Support Files/Pods-HoneybeeUITests/Pods-HoneybeeUITests-frameworks.sh\"\n";
			showEnvVarsInLog = 0;
		};
		7D4FBD2AA3771BF784A071C9 /* [CP] Check Pods Manifest.lock */ = {
			isa = PBXShellScriptBuildPhase;
			buildActionMask = 2147483647;
			files = (
			);
			inputPaths = (
			);
			name = "[CP] Check Pods Manifest.lock";
			outputPaths = (
			);
			runOnlyForDeploymentPostprocessing = 0;
			shellPath = /bin/sh;
			shellScript = "diff \"${PODS_ROOT}/../Podfile.lock\" \"${PODS_ROOT}/Manifest.lock\" > /dev/null\nif [ $? != 0 ] ; then\n    # print error to STDERR\n    echo \"error: The sandbox is not in sync with the Podfile.lock. Run 'pod install' or update your CocoaPods installation.\" >&2\n    exit 1\nfi\n";
			showEnvVarsInLog = 0;
		};
		80B96AC0724B6BA2F9E240C5 /* [CP] Copy Pods Resources */ = {
			isa = PBXShellScriptBuildPhase;
			buildActionMask = 2147483647;
			files = (
			);
			inputPaths = (
			);
			name = "[CP] Copy Pods Resources";
			outputPaths = (
			);
			runOnlyForDeploymentPostprocessing = 0;
			shellPath = /bin/sh;
			shellScript = "\"${SRCROOT}/Pods/Target Support Files/Pods-HoneybeeUITests/Pods-HoneybeeUITests-resources.sh\"\n";
			showEnvVarsInLog = 0;
		};
		C648265B7348E548F8AA9EEC /* [CP] Embed Pods Frameworks */ = {
			isa = PBXShellScriptBuildPhase;
			buildActionMask = 2147483647;
			files = (
			);
			inputPaths = (
			);
			name = "[CP] Embed Pods Frameworks";
			outputPaths = (
			);
			runOnlyForDeploymentPostprocessing = 0;
			shellPath = /bin/sh;
			shellScript = "\"${SRCROOT}/Pods/Target Support Files/Pods-Honeybee/Pods-Honeybee-frameworks.sh\"\n";
			showEnvVarsInLog = 0;
		};
		C690695FE873F3D4094E1110 /* [CP] Copy Pods Resources */ = {
			isa = PBXShellScriptBuildPhase;
			buildActionMask = 2147483647;
			files = (
			);
			inputPaths = (
			);
			name = "[CP] Copy Pods Resources";
			outputPaths = (
			);
			runOnlyForDeploymentPostprocessing = 0;
			shellPath = /bin/sh;
			shellScript = "\"${SRCROOT}/Pods/Target Support Files/Pods-Honeybee/Pods-Honeybee-resources.sh\"\n";
			showEnvVarsInLog = 0;
		};
		D66A4F76845CC4E6B53A4978 /* [CP] Copy Pods Resources */ = {
			isa = PBXShellScriptBuildPhase;
			buildActionMask = 2147483647;
			files = (
			);
			inputPaths = (
			);
			name = "[CP] Copy Pods Resources";
			outputPaths = (
			);
			runOnlyForDeploymentPostprocessing = 0;
			shellPath = /bin/sh;
			shellScript = "\"${SRCROOT}/Pods/Target Support Files/Pods-HoneybeeTests/Pods-HoneybeeTests-resources.sh\"\n";
			showEnvVarsInLog = 0;
		};
		F2BDCC69BCC1478FD6C63610 /* [CP] Embed Pods Frameworks */ = {
			isa = PBXShellScriptBuildPhase;
			buildActionMask = 2147483647;
			files = (
			);
			inputPaths = (
			);
			name = "[CP] Embed Pods Frameworks";
			outputPaths = (
			);
			runOnlyForDeploymentPostprocessing = 0;
			shellPath = /bin/sh;
			shellScript = "\"${SRCROOT}/Pods/Target Support Files/Pods-HoneybeeTests/Pods-HoneybeeTests-frameworks.sh\"\n";
			showEnvVarsInLog = 0;
		};
/* End PBXShellScriptBuildPhase section */

/* Begin PBXSourcesBuildPhase section */
		8638A99E1DE56CB9002369F9 /* Sources */ = {
			isa = PBXSourcesBuildPhase;
			buildActionMask = 2147483647;
			files = (
				8689157E1DF990D20035CFD3 /* Extension.swift in Sources */,
				86F6C8671E4F4C0D002016DB /* RecordDetailCell.swift in Sources */,
				86D170481E51EBE70004E192 /* BaseViewController.swift in Sources */,
				86D1702D1E51BA560004E192 /* SetupHeader.swift in Sources */,
				86DEBC9D1E4B0B35003F8FCF /* HeaderView.swift in Sources */,
				86F6C85E1E4F1C63002016DB /* RecordLiteCell.swift in Sources */,
				8627BFB51E0BADFD00C1A257 /* CurveCell.swift in Sources */,
				86D170461E51EBCE0004E192 /* ProfileViewController.swift in Sources */,
				86D1703D1E51DF4A0004E192 /* SetupItem.swift in Sources */,
				86D1702B1E51A4190004E192 /* RecordDetailFooter.swift in Sources */,
				86D1704A1E51EDCB0004E192 /* ProfileHeader.swift in Sources */,
				863703AE1DEEB8BB00BC1153 /* SetupViewController.swift in Sources */,
				86FC4EC61E1112B10048E183 /* PieViewController.swift in Sources */,
				86D170431E51EAB70004E192 /* SetupFooter.swift in Sources */,
				86937D291DF2783300F180F6 /* HBKeyboard.swift in Sources */,
				86D170311E51C4790004E192 /* SetupCell.swift in Sources */,
				8615444B1E4DE50200A6EEBD /* Reocder.swift in Sources */,
				86F6C8601E4F2791002016DB /* GroupCell.swift in Sources */,
				8699664E1DFAE245006EAD41 /* HBPresentationController.swift in Sources */,
				8627434E1DF2A8F8002597E1 /* DateView.swift in Sources */,
				8624F61D1E5047C00059788A /* RecordDetailHeader.swift in Sources */,
				8612C2821DF02DEE00B3AD65 /* CalculateView.swift in Sources */,
				8683B2841DEEB40E0023E3A6 /* CurveViewController.swift in Sources */,
				86BBC33D1E0FAA0A009A7D5D /* BarView.swift in Sources */,
				86DEBCA01E4B10F9003F8FCF /* RecordCell.swift in Sources */,
				8627BFB91E0BC83300C1A257 /* LineView.swift in Sources */,
				86631B981E4C5BC600C33CA7 /* SectionCell.swift in Sources */,
				8638A9A61DE56CB9002369F9 /* AppDelegate.swift in Sources */,
				86A442831DFBF433006D2A44 /* CollectionViewCell.swift in Sources */,
				8699664C1DFAE20B006EAD41 /* HBPresentationAnimator.swift in Sources */,
				863703B21DEEDF7900BC1153 /* CardViewController.swift in Sources */,
				86F6C8641E4F2EBC002016DB /* RecordDetailController.swift in Sources */,
				868915801DF9955B0035CFD3 /* Theme.swift in Sources */,
				8683B2821DEEAC8D0023E3A6 /* MainViewController.swift in Sources */,
			);
			runOnlyForDeploymentPostprocessing = 0;
		};
		8638A9B21DE56CB9002369F9 /* Sources */ = {
			isa = PBXSourcesBuildPhase;
			buildActionMask = 2147483647;
			files = (
				8638A9BB1DE56CB9002369F9 /* HoneybeeTests.swift in Sources */,
			);
			runOnlyForDeploymentPostprocessing = 0;
		};
		8638A9BD1DE56CB9002369F9 /* Sources */ = {
			isa = PBXSourcesBuildPhase;
			buildActionMask = 2147483647;
			files = (
				8638A9C61DE56CB9002369F9 /* HoneybeeUITests.swift in Sources */,
			);
			runOnlyForDeploymentPostprocessing = 0;
		};
/* End PBXSourcesBuildPhase section */

/* Begin PBXTargetDependency section */
		8638A9B81DE56CB9002369F9 /* PBXTargetDependency */ = {
			isa = PBXTargetDependency;
			target = 8638A9A11DE56CB9002369F9 /* Honeybee */;
			targetProxy = 8638A9B71DE56CB9002369F9 /* PBXContainerItemProxy */;
		};
		8638A9C31DE56CB9002369F9 /* PBXTargetDependency */ = {
			isa = PBXTargetDependency;
			target = 8638A9A11DE56CB9002369F9 /* Honeybee */;
			targetProxy = 8638A9C21DE56CB9002369F9 /* PBXContainerItemProxy */;
		};
/* End PBXTargetDependency section */

/* Begin PBXVariantGroup section */
		8638A9AE1DE56CB9002369F9 /* LaunchScreen.storyboard */ = {
			isa = PBXVariantGroup;
			children = (
				8638A9AF1DE56CB9002369F9 /* Base */,
			);
			name = LaunchScreen.storyboard;
			sourceTree = "<group>";
		};
/* End PBXVariantGroup section */

/* Begin XCBuildConfiguration section */
		8638A9C81DE56CB9002369F9 /* Debug */ = {
			isa = XCBuildConfiguration;
			buildSettings = {
				ALWAYS_SEARCH_USER_PATHS = NO;
				CLANG_ANALYZER_NONNULL = YES;
				CLANG_CXX_LANGUAGE_STANDARD = "gnu++0x";
				CLANG_CXX_LIBRARY = "libc++";
				CLANG_ENABLE_MODULES = YES;
				CLANG_ENABLE_OBJC_ARC = YES;
				CLANG_WARN_BOOL_CONVERSION = YES;
				CLANG_WARN_CONSTANT_CONVERSION = YES;
				CLANG_WARN_DIRECT_OBJC_ISA_USAGE = YES_ERROR;
				CLANG_WARN_DOCUMENTATION_COMMENTS = YES;
				CLANG_WARN_EMPTY_BODY = YES;
				CLANG_WARN_ENUM_CONVERSION = YES;
				CLANG_WARN_INFINITE_RECURSION = YES;
				CLANG_WARN_INT_CONVERSION = YES;
				CLANG_WARN_OBJC_ROOT_CLASS = YES_ERROR;
				CLANG_WARN_SUSPICIOUS_MOVE = YES;
				CLANG_WARN_SUSPICIOUS_MOVES = YES;
				CLANG_WARN_UNREACHABLE_CODE = YES;
				CLANG_WARN__DUPLICATE_METHOD_MATCH = YES;
				"CODE_SIGN_IDENTITY[sdk=iphoneos*]" = "iPhone Developer";
				COPY_PHASE_STRIP = NO;
				DEBUG_INFORMATION_FORMAT = dwarf;
				ENABLE_STRICT_OBJC_MSGSEND = YES;
				ENABLE_TESTABILITY = YES;
				GCC_C_LANGUAGE_STANDARD = gnu99;
				GCC_DYNAMIC_NO_PIC = NO;
				GCC_NO_COMMON_BLOCKS = YES;
				GCC_OPTIMIZATION_LEVEL = 0;
				GCC_PREPROCESSOR_DEFINITIONS = (
					"DEBUG=1",
					"$(inherited)",
				);
				GCC_WARN_64_TO_32_BIT_CONVERSION = YES;
				GCC_WARN_ABOUT_RETURN_TYPE = YES_ERROR;
				GCC_WARN_UNDECLARED_SELECTOR = YES;
				GCC_WARN_UNINITIALIZED_AUTOS = YES_AGGRESSIVE;
				GCC_WARN_UNUSED_FUNCTION = YES;
				GCC_WARN_UNUSED_VARIABLE = YES;
				IPHONEOS_DEPLOYMENT_TARGET = 10.1;
				MTL_ENABLE_DEBUG_INFO = YES;
				ONLY_ACTIVE_ARCH = YES;
				SDKROOT = iphoneos;
				SWIFT_ACTIVE_COMPILATION_CONDITIONS = DEBUG;
				SWIFT_OPTIMIZATION_LEVEL = "-Onone";
			};
			name = Debug;
		};
		8638A9C91DE56CB9002369F9 /* Release */ = {
			isa = XCBuildConfiguration;
			buildSettings = {
				ALWAYS_SEARCH_USER_PATHS = NO;
				CLANG_ANALYZER_NONNULL = YES;
				CLANG_CXX_LANGUAGE_STANDARD = "gnu++0x";
				CLANG_CXX_LIBRARY = "libc++";
				CLANG_ENABLE_MODULES = YES;
				CLANG_ENABLE_OBJC_ARC = YES;
				CLANG_WARN_BOOL_CONVERSION = YES;
				CLANG_WARN_CONSTANT_CONVERSION = YES;
				CLANG_WARN_DIRECT_OBJC_ISA_USAGE = YES_ERROR;
				CLANG_WARN_DOCUMENTATION_COMMENTS = YES;
				CLANG_WARN_EMPTY_BODY = YES;
				CLANG_WARN_ENUM_CONVERSION = YES;
				CLANG_WARN_INFINITE_RECURSION = YES;
				CLANG_WARN_INT_CONVERSION = YES;
				CLANG_WARN_OBJC_ROOT_CLASS = YES_ERROR;
				CLANG_WARN_SUSPICIOUS_MOVE = YES;
				CLANG_WARN_SUSPICIOUS_MOVES = YES;
				CLANG_WARN_UNREACHABLE_CODE = YES;
				CLANG_WARN__DUPLICATE_METHOD_MATCH = YES;
				"CODE_SIGN_IDENTITY[sdk=iphoneos*]" = "iPhone Developer";
				COPY_PHASE_STRIP = NO;
				DEBUG_INFORMATION_FORMAT = "dwarf-with-dsym";
				ENABLE_NS_ASSERTIONS = NO;
				ENABLE_STRICT_OBJC_MSGSEND = YES;
				GCC_C_LANGUAGE_STANDARD = gnu99;
				GCC_NO_COMMON_BLOCKS = YES;
				GCC_WARN_64_TO_32_BIT_CONVERSION = YES;
				GCC_WARN_ABOUT_RETURN_TYPE = YES_ERROR;
				GCC_WARN_UNDECLARED_SELECTOR = YES;
				GCC_WARN_UNINITIALIZED_AUTOS = YES_AGGRESSIVE;
				GCC_WARN_UNUSED_FUNCTION = YES;
				GCC_WARN_UNUSED_VARIABLE = YES;
				IPHONEOS_DEPLOYMENT_TARGET = 10.1;
				MTL_ENABLE_DEBUG_INFO = NO;
				SDKROOT = iphoneos;
				SWIFT_OPTIMIZATION_LEVEL = "-Owholemodule";
				VALIDATE_PRODUCT = YES;
			};
			name = Release;
		};
		8638A9CB1DE56CB9002369F9 /* Debug */ = {
			isa = XCBuildConfiguration;
			baseConfigurationReference = F982BFEEE7A582773E068CF7 /* Pods-Honeybee.debug.xcconfig */;
			buildSettings = {
				ALWAYS_EMBED_SWIFT_STANDARD_LIBRARIES = YES;
				ASSETCATALOG_COMPILER_APPICON_NAME = AppIcon;
				CLANG_ENABLE_MODULES = YES;
				DEVELOPMENT_TEAM = WH5LSELR4Q;
				INFOPLIST_FILE = Honeybee/Info.plist;
				LD_RUNPATH_SEARCH_PATHS = "$(inherited) @executable_path/Frameworks";
				PRODUCT_BUNDLE_IDENTIFIER = Honeybee.Honeybee;
				PRODUCT_NAME = "$(TARGET_NAME)";
				SWIFT_INSTALL_OBJC_HEADER = NO;
				SWIFT_OBJC_BRIDGING_HEADER = "";
				SWIFT_OPTIMIZATION_LEVEL = "-Onone";
				SWIFT_VERSION = 3.0;
			};
			name = Debug;
		};
		8638A9CC1DE56CB9002369F9 /* Release */ = {
			isa = XCBuildConfiguration;
			baseConfigurationReference = 243904903840541E18B9742B /* Pods-Honeybee.release.xcconfig */;
			buildSettings = {
				ALWAYS_EMBED_SWIFT_STANDARD_LIBRARIES = YES;
				ASSETCATALOG_COMPILER_APPICON_NAME = AppIcon;
				CLANG_ENABLE_MODULES = YES;
				DEVELOPMENT_TEAM = WH5LSELR4Q;
				INFOPLIST_FILE = Honeybee/Info.plist;
				LD_RUNPATH_SEARCH_PATHS = "$(inherited) @executable_path/Frameworks";
				PRODUCT_BUNDLE_IDENTIFIER = Honeybee.Honeybee;
				PRODUCT_NAME = "$(TARGET_NAME)";
				SWIFT_INSTALL_OBJC_HEADER = NO;
				SWIFT_OBJC_BRIDGING_HEADER = "";
				SWIFT_VERSION = 3.0;
			};
			name = Release;
		};
		8638A9CE1DE56CB9002369F9 /* Debug */ = {
			isa = XCBuildConfiguration;
			baseConfigurationReference = CEE21B7DC4D76AD098C5311D /* Pods-HoneybeeTests.debug.xcconfig */;
			buildSettings = {
				ALWAYS_EMBED_SWIFT_STANDARD_LIBRARIES = YES;
				BUNDLE_LOADER = "$(TEST_HOST)";
				DEVELOPMENT_TEAM = WH5LSELR4Q;
				INFOPLIST_FILE = HoneybeeTests/Info.plist;
				LD_RUNPATH_SEARCH_PATHS = "$(inherited) @executable_path/Frameworks @loader_path/Frameworks";
				PRODUCT_BUNDLE_IDENTIFIER = Honeybee.HoneybeeTests;
				PRODUCT_NAME = "$(TARGET_NAME)";
				SWIFT_VERSION = 3.0;
				TEST_HOST = "$(BUILT_PRODUCTS_DIR)/Honeybee.app/Honeybee";
			};
			name = Debug;
		};
		8638A9CF1DE56CB9002369F9 /* Release */ = {
			isa = XCBuildConfiguration;
			baseConfigurationReference = 602B4AA0738D3A5A175F2145 /* Pods-HoneybeeTests.release.xcconfig */;
			buildSettings = {
				ALWAYS_EMBED_SWIFT_STANDARD_LIBRARIES = YES;
				BUNDLE_LOADER = "$(TEST_HOST)";
				DEVELOPMENT_TEAM = WH5LSELR4Q;
				INFOPLIST_FILE = HoneybeeTests/Info.plist;
				LD_RUNPATH_SEARCH_PATHS = "$(inherited) @executable_path/Frameworks @loader_path/Frameworks";
				PRODUCT_BUNDLE_IDENTIFIER = Honeybee.HoneybeeTests;
				PRODUCT_NAME = "$(TARGET_NAME)";
				SWIFT_VERSION = 3.0;
				TEST_HOST = "$(BUILT_PRODUCTS_DIR)/Honeybee.app/Honeybee";
			};
			name = Release;
		};
		8638A9D11DE56CB9002369F9 /* Debug */ = {
			isa = XCBuildConfiguration;
			baseConfigurationReference = 7F9F8339673706F2CFC7B4F1 /* Pods-HoneybeeUITests.debug.xcconfig */;
			buildSettings = {
				ALWAYS_EMBED_SWIFT_STANDARD_LIBRARIES = YES;
				DEVELOPMENT_TEAM = WH5LSELR4Q;
				INFOPLIST_FILE = HoneybeeUITests/Info.plist;
				LD_RUNPATH_SEARCH_PATHS = "$(inherited) @executable_path/Frameworks @loader_path/Frameworks";
				PRODUCT_BUNDLE_IDENTIFIER = Honeybee.HoneybeeUITests;
				PRODUCT_NAME = "$(TARGET_NAME)";
				SWIFT_VERSION = 3.0;
				TEST_TARGET_NAME = Honeybee;
			};
			name = Debug;
		};
		8638A9D21DE56CB9002369F9 /* Release */ = {
			isa = XCBuildConfiguration;
			baseConfigurationReference = FF2FA733DB868EB5C063512A /* Pods-HoneybeeUITests.release.xcconfig */;
			buildSettings = {
				ALWAYS_EMBED_SWIFT_STANDARD_LIBRARIES = YES;
				DEVELOPMENT_TEAM = WH5LSELR4Q;
				INFOPLIST_FILE = HoneybeeUITests/Info.plist;
				LD_RUNPATH_SEARCH_PATHS = "$(inherited) @executable_path/Frameworks @loader_path/Frameworks";
				PRODUCT_BUNDLE_IDENTIFIER = Honeybee.HoneybeeUITests;
				PRODUCT_NAME = "$(TARGET_NAME)";
				SWIFT_VERSION = 3.0;
				TEST_TARGET_NAME = Honeybee;
			};
			name = Release;
		};
/* End XCBuildConfiguration section */

/* Begin XCConfigurationList section */
		8638A99D1DE56CB9002369F9 /* Build configuration list for PBXProject "Honeybee" */ = {
			isa = XCConfigurationList;
			buildConfigurations = (
				8638A9C81DE56CB9002369F9 /* Debug */,
				8638A9C91DE56CB9002369F9 /* Release */,
			);
			defaultConfigurationIsVisible = 0;
			defaultConfigurationName = Release;
		};
		8638A9CA1DE56CB9002369F9 /* Build configuration list for PBXNativeTarget "Honeybee" */ = {
			isa = XCConfigurationList;
			buildConfigurations = (
				8638A9CB1DE56CB9002369F9 /* Debug */,
				8638A9CC1DE56CB9002369F9 /* Release */,
			);
			defaultConfigurationIsVisible = 0;
			defaultConfigurationName = Release;
		};
		8638A9CD1DE56CB9002369F9 /* Build configuration list for PBXNativeTarget "HoneybeeTests" */ = {
			isa = XCConfigurationList;
			buildConfigurations = (
				8638A9CE1DE56CB9002369F9 /* Debug */,
				8638A9CF1DE56CB9002369F9 /* Release */,
			);
			defaultConfigurationIsVisible = 0;
			defaultConfigurationName = Release;
		};
		8638A9D01DE56CB9002369F9 /* Build configuration list for PBXNativeTarget "HoneybeeUITests" */ = {
			isa = XCConfigurationList;
			buildConfigurations = (
				8638A9D11DE56CB9002369F9 /* Debug */,
				8638A9D21DE56CB9002369F9 /* Release */,
			);
			defaultConfigurationIsVisible = 0;
			defaultConfigurationName = Release;
		};
/* End XCConfigurationList section */
	};
	rootObject = 8638A99A1DE56CB9002369F9 /* Project object */;
}
