// !$*UTF8*$!
{
	archiveVersion = 1;
	classes = {
	};
	objectVersion = 46;
	objects = {

/* Begin PBXBuildFile section */
		8612C2821DF02DEE00B3AD65 /* CalculateView.swift in Sources */ = {isa = PBXBuildFile; fileRef = 8612C2811DF02DEE00B3AD65 /* CalculateView.swift */; };
		8627434E1DF2A8F8002597E1 /* DateView.swift in Sources */ = {isa = PBXBuildFile; fileRef = 8627434D1DF2A8F8002597E1 /* DateView.swift */; };
		863703AE1DEEB8BB00BC1153 /* SetupViewController.swift in Sources */ = {isa = PBXBuildFile; fileRef = 863703AD1DEEB8BB00BC1153 /* SetupViewController.swift */; };
		863703B21DEEDF7900BC1153 /* CardViewController.swift in Sources */ = {isa = PBXBuildFile; fileRef = 863703B11DEEDF7900BC1153 /* CardViewController.swift */; };
		8638A9A61DE56CB9002369F9 /* AppDelegate.swift in Sources */ = {isa = PBXBuildFile; fileRef = 8638A9A51DE56CB9002369F9 /* AppDelegate.swift */; };
		8638A9AD1DE56CB9002369F9 /* Assets.xcassets in Resources */ = {isa = PBXBuildFile; fileRef = 8638A9AC1DE56CB9002369F9 /* Assets.xcassets */; };
		8638A9B01DE56CB9002369F9 /* LaunchScreen.storyboard in Resources */ = {isa = PBXBuildFile; fileRef = 8638A9AE1DE56CB9002369F9 /* LaunchScreen.storyboard */; };
		8638A9BB1DE56CB9002369F9 /* HoneybeeTests.swift in Sources */ = {isa = PBXBuildFile; fileRef = 8638A9BA1DE56CB9002369F9 /* HoneybeeTests.swift */; };
		8638A9C61DE56CB9002369F9 /* HoneybeeUITests.swift in Sources */ = {isa = PBXBuildFile; fileRef = 8638A9C51DE56CB9002369F9 /* HoneybeeUITests.swift */; };
		8683B2821DEEAC8D0023E3A6 /* MainViewController.swift in Sources */ = {isa = PBXBuildFile; fileRef = 8683B2811DEEAC8D0023E3A6 /* MainViewController.swift */; };
		8683B2841DEEB40E0023E3A6 /* CurveViewController.swift in Sources */ = {isa = PBXBuildFile; fileRef = 8683B2831DEEB40E0023E3A6 /* CurveViewController.swift */; };
		86937D291DF2783300F180F6 /* HBKeyboard.swift in Sources */ = {isa = PBXBuildFile; fileRef = 86937D281DF2783300F180F6 /* HBKeyboard.swift */; };
/* End PBXBuildFile section */

/* Begin PBXContainerItemProxy section */
		8638A9B71DE56CB9002369F9 /* PBXContainerItemProxy */ = {
			isa = PBXContainerItemProxy;
			containerPortal = 8638A99A1DE56CB9002369F9 /* Project object */;
			proxyType = 1;
			remoteGlobalIDString = 8638A9A11DE56CB9002369F9;
			remoteInfo = Honeybee;
		};
		8638A9C21DE56CB9002369F9 /* PBXContainerItemProxy */ = {
			isa = PBXContainerItemProxy;
			containerPortal = 8638A99A1DE56CB9002369F9 /* Project object */;
			proxyType = 1;
			remoteGlobalIDString = 8638A9A11DE56CB9002369F9;
			remoteInfo = Honeybee;
		};
/* End PBXContainerItemProxy section */

/* Begin PBXFileReference section */
		8612C2811DF02DEE00B3AD65 /* CalculateView.swift */ = {isa = PBXFileReference; fileEncoding = 4; lastKnownFileType = sourcecode.swift; path = CalculateView.swift; sourceTree = "<group>"; };
		8627434D1DF2A8F8002597E1 /* DateView.swift */ = {isa = PBXFileReference; fileEncoding = 4; lastKnownFileType = sourcecode.swift; path = DateView.swift; sourceTree = "<group>"; };
		863703AD1DEEB8BB00BC1153 /* SetupViewController.swift */ = {isa = PBXFileReference; fileEncoding = 4; lastKnownFileType = sourcecode.swift; path = SetupViewController.swift; sourceTree = "<group>"; };
		863703B11DEEDF7900BC1153 /* CardViewController.swift */ = {isa = PBXFileReference; fileEncoding = 4; lastKnownFileType = sourcecode.swift; path = CardViewController.swift; sourceTree = "<group>"; };
		8638A9A21DE56CB9002369F9 /* Honeybee.app */ = {isa = PBXFileReference; explicitFileType = wrapper.application; includeInIndex = 0; path = Honeybee.app; sourceTree = BUILT_PRODUCTS_DIR; };
		8638A9A51DE56CB9002369F9 /* AppDelegate.swift */ = {isa = PBXFileReference; lastKnownFileType = sourcecode.swift; path = AppDelegate.swift; sourceTree = "<group>"; };
		8638A9AC1DE56CB9002369F9 /* Assets.xcassets */ = {isa = PBXFileReference; lastKnownFileType = folder.assetcatalog; path = Assets.xcassets; sourceTree = "<group>"; };
		8638A9AF1DE56CB9002369F9 /* Base */ = {isa = PBXFileReference; lastKnownFileType = file.storyboard; name = Base; path = Base.lproj/LaunchScreen.storyboard; sourceTree = "<group>"; };
		8638A9B11DE56CB9002369F9 /* Info.plist */ = {isa = PBXFileReference; lastKnownFileType = text.plist.xml; path = Info.plist; sourceTree = "<group>"; };
		8638A9B61DE56CB9002369F9 /* HoneybeeTests.xctest */ = {isa = PBXFileReference; explicitFileType = wrapper.cfbundle; includeInIndex = 0; path = HoneybeeTests.xctest; sourceTree = BUILT_PRODUCTS_DIR; };
		8638A9BA1DE56CB9002369F9 /* HoneybeeTests.swift */ = {isa = PBXFileReference; lastKnownFileType = sourcecode.swift; path = HoneybeeTests.swift; sourceTree = "<group>"; };
		8638A9BC1DE56CB9002369F9 /* Info.plist */ = {isa = PBXFileReference; lastKnownFileType = text.plist.xml; path = Info.plist; sourceTree = "<group>"; };
		8638A9C11DE56CB9002369F9 /* HoneybeeUITests.xctest */ = {isa = PBXFileReference; explicitFileType = wrapper.cfbundle; includeInIndex = 0; path = HoneybeeUITests.xctest; sourceTree = BUILT_PRODUCTS_DIR; };
		8638A9C51DE56CB9002369F9 /* HoneybeeUITests.swift */ = {isa = PBXFileReference; lastKnownFileType = sourcecode.swift; path = HoneybeeUITests.swift; sourceTree = "<group>"; };
		8638A9C71DE56CB9002369F9 /* Info.plist */ = {isa = PBXFileReference; lastKnownFileType = text.plist.xml; path = Info.plist; sourceTree = "<group>"; };
		8683B2811DEEAC8D0023E3A6 /* MainViewController.swift */ = {isa = PBXFileReference; fileEncoding = 4; lastKnownFileType = sourcecode.swift; path = MainViewController.swift; sourceTree = "<group>"; };
		8683B2831DEEB40E0023E3A6 /* CurveViewController.swift */ = {isa = PBXFileReference; fileEncoding = 4; lastKnownFileType = sourcecode.swift; path = CurveViewController.swift; sourceTree = "<group>"; };
		86937D281DF2783300F180F6 /* HBKeyboard.swift */ = {isa = PBXFileReference; fileEncoding = 4; lastKnownFileType = sourcecode.swift; path = HBKeyboard.swift; sourceTree = "<group>"; };
/* End PBXFileReference section */

/* Begin PBXFrameworksBuildPhase section */
		8638A99F1DE56CB9002369F9 /* Frameworks */ = {
			isa = PBXFrameworksBuildPhase;
			buildActionMask = 2147483647;
			files = (
			);
			runOnlyForDeploymentPostprocessing = 0;
		};
		8638A9B31DE56CB9002369F9 /* Frameworks */ = {
			isa = PBXFrameworksBuildPhase;
			buildActionMask = 2147483647;
			files = (
			);
			runOnlyForDeploymentPostprocessing = 0;
		};
		8638A9BE1DE56CB9002369F9 /* Frameworks */ = {
			isa = PBXFrameworksBuildPhase;
			buildActionMask = 2147483647;
			files = (
			);
			runOnlyForDeploymentPostprocessing = 0;
		};
/* End PBXFrameworksBuildPhase section */

/* Begin PBXGroup section */
		8638A9991DE56CB9002369F9 = {
			isa = PBXGroup;
			children = (
				8638A9A41DE56CB9002369F9 /* Honeybee */,
				8638A9B91DE56CB9002369F9 /* HoneybeeTests */,
				8638A9C41DE56CB9002369F9 /* HoneybeeUITests */,
				8638A9A31DE56CB9002369F9 /* Products */,
			);
			sourceTree = "<group>";
		};
		8638A9A31DE56CB9002369F9 /* Products */ = {
			isa = PBXGroup;
			children = (
				8638A9A21DE56CB9002369F9 /* Honeybee.app */,
				8638A9B61DE56CB9002369F9 /* HoneybeeTests.xctest */,
				8638A9C11DE56CB9002369F9 /* HoneybeeUITests.xctest */,
			);
			name = Products;
			sourceTree = "<group>";
		};
		8638A9A41DE56CB9002369F9 /* Honeybee */ = {
			isa = PBXGroup;
			children = (
				8638A9A51DE56CB9002369F9 /* AppDelegate.swift */,
				8683B2811DEEAC8D0023E3A6 /* MainViewController.swift */,
				8683B2831DEEB40E0023E3A6 /* CurveViewController.swift */,
				863703AD1DEEB8BB00BC1153 /* SetupViewController.swift */,
				863703B11DEEDF7900BC1153 /* CardViewController.swift */,
				86937D281DF2783300F180F6 /* HBKeyboard.swift */,
				8627434D1DF2A8F8002597E1 /* DateView.swift */,
				8612C2811DF02DEE00B3AD65 /* CalculateView.swift */,
				8638A9AC1DE56CB9002369F9 /* Assets.xcassets */,
				8638A9AE1DE56CB9002369F9 /* LaunchScreen.storyboard */,
				8638A9B11DE56CB9002369F9 /* Info.plist */,
			);
			path = Honeybee;
			sourceTree = "<group>";
		};
		8638A9B91DE56CB9002369F9 /* HoneybeeTests */ = {
			isa = PBXGroup;
			children = (
				8638A9BA1DE56CB9002369F9 /* HoneybeeTests.swift */,
				8638A9BC1DE56CB9002369F9 /* Info.plist */,
			);
			path = HoneybeeTests;
			sourceTree = "<group>";
		};
		8638A9C41DE56CB9002369F9 /* HoneybeeUITests */ = {
			isa = PBXGroup;
			children = (
				8638A9C51DE56CB9002369F9 /* HoneybeeUITests.swift */,
				8638A9C71DE56CB9002369F9 /* Info.plist */,
			);
			path = HoneybeeUITests;
			sourceTree = "<group>";
		};
/* End PBXGroup section */

/* Begin PBXNativeTarget section */
		8638A9A11DE56CB9002369F9 /* Honeybee */ = {
			isa = PBXNativeTarget;
			buildConfigurationList = 8638A9CA1DE56CB9002369F9 /* Build configuration list for PBXNativeTarget "Honeybee" */;
			buildPhases = (
				8638A99E1DE56CB9002369F9 /* Sources */,
				8638A99F1DE56CB9002369F9 /* Frameworks */,
				8638A9A01DE56CB9002369F9 /* Resources */,
			);
			buildRules = (
			);
			dependencies = (
			);
			name = Honeybee;
			productName = Honeybee;
			productReference = 8638A9A21DE56CB9002369F9 /* Honeybee.app */;
			productType = "com.apple.product-type.application";
		};
		8638A9B51DE56CB9002369F9 /* HoneybeeTests */ = {
			isa = PBXNativeTarget;
			buildConfigurationList = 8638A9CD1DE56CB9002369F9 /* Build configuration list for PBXNativeTarget "HoneybeeTests" */;
			buildPhases = (
				8638A9B21DE56CB9002369F9 /* Sources */,
				8638A9B31DE56CB9002369F9 /* Frameworks */,
				8638A9B41DE56CB9002369F9 /* Resources */,
			);
			buildRules = (
			);
			dependencies = (
				8638A9B81DE56CB9002369F9 /* PBXTargetDependency */,
			);
			name = HoneybeeTests;
			productName = HoneybeeTests;
			productReference = 8638A9B61DE56CB9002369F9 /* HoneybeeTests.xctest */;
			productType = "com.apple.product-type.bundle.unit-test";
		};
		8638A9C01DE56CB9002369F9 /* HoneybeeUITests */ = {
			isa = PBXNativeTarget;
			buildConfigurationList = 8638A9D01DE56CB9002369F9 /* Build configuration list for PBXNativeTarget "HoneybeeUITests" */;
			buildPhases = (
				8638A9BD1DE56CB9002369F9 /* Sources */,
				8638A9BE1DE56CB9002369F9 /* Frameworks */,
				8638A9BF1DE56CB9002369F9 /* Resources */,
			);
			buildRules = (
			);
			dependencies = (
				8638A9C31DE56CB9002369F9 /* PBXTargetDependency */,
			);
			name = HoneybeeUITests;
			productName = HoneybeeUITests;
			productReference = 8638A9C11DE56CB9002369F9 /* HoneybeeUITests.xctest */;
			productType = "com.apple.product-type.bundle.ui-testing";
		};
/* End PBXNativeTarget section */

/* Begin PBXProject section */
		8638A99A1DE56CB9002369F9 /* Project object */ = {
			isa = PBXProject;
			attributes = {
				LastSwiftUpdateCheck = 0810;
				LastUpgradeCheck = 0810;
				ORGANIZATIONNAME = "Dongbing Hou";
				TargetAttributes = {
					8638A9A11DE56CB9002369F9 = {
						CreatedOnToolsVersion = 8.1;
						DevelopmentTeam = WH5LSELR4Q;
						ProvisioningStyle = Automatic;
					};
					8638A9B51DE56CB9002369F9 = {
						CreatedOnToolsVersion = 8.1;
						DevelopmentTeam = WH5LSELR4Q;
						ProvisioningStyle = Automatic;
						TestTargetID = 8638A9A11DE56CB9002369F9;
					};
					8638A9C01DE56CB9002369F9 = {
						CreatedOnToolsVersion = 8.1;
						DevelopmentTeam = WH5LSELR4Q;
						ProvisioningStyle = Automatic;
						TestTargetID = 8638A9A11DE56CB9002369F9;
					};
				};
			};
			buildConfigurationList = 8638A99D1DE56CB9002369F9 /* Build configuration list for PBXProject "Honeybee" */;
			compatibilityVersion = "Xcode 3.2";
			developmentRegion = English;
			hasScannedForEncodings = 0;
			knownRegions = (
				en,
				Base,
			);
			mainGroup = 8638A9991DE56CB9002369F9;
			productRefGroup = 8638A9A31DE56CB9002369F9 /* Products */;
			projectDirPath = "";
			projectRoot = "";
			targets = (
				8638A9A11DE56CB9002369F9 /* Honeybee */,
				8638A9B51DE56CB9002369F9 /* HoneybeeTests */,
				8638A9C01DE56CB9002369F9 /* HoneybeeUITests */,
			);
		};
/* End PBXProject section */

/* Begin PBXResourcesBuildPhase section */
		8638A9A01DE56CB9002369F9 /* Resources */ = {
			isa = PBXResourcesBuildPhase;
			buildActionMask = 2147483647;
			files = (
				8638A9B01DE56CB9002369F9 /* LaunchScreen.storyboard in Resources */,
				8638A9AD1DE56CB9002369F9 /* Assets.xcassets in Resources */,
			);
			runOnlyForDeploymentPostprocessing = 0;
		};
		8638A9B41DE56CB9002369F9 /* Resources */ = {
			isa = PBXResourcesBuildPhase;
			buildActionMask = 2147483647;
			files = (
			);
			runOnlyForDeploymentPostprocessing = 0;
		};
		8638A9BF1DE56CB9002369F9 /* Resources */ = {
			isa = PBXResourcesBuildPhase;
			buildActionMask = 2147483647;
			files = (
			);
			runOnlyForDeploymentPostprocessing = 0;
		};
/* End PBXResourcesBuildPhase section */

/* Begin PBXSourcesBuildPhase section */
		8638A99E1DE56CB9002369F9 /* Sources */ = {
			isa = PBXSourcesBuildPhase;
			buildActionMask = 2147483647;
			files = (
				863703AE1DEEB8BB00BC1153 /* SetupViewController.swift in Sources */,
				86937D291DF2783300F180F6 /* HBKeyboard.swift in Sources */,
				8627434E1DF2A8F8002597E1 /* DateView.swift in Sources */,
				8612C2821DF02DEE00B3AD65 /* CalculateView.swift in Sources */,
				8683B2841DEEB40E0023E3A6 /* CurveViewController.swift in Sources */,
				8638A9A61DE56CB9002369F9 /* AppDelegate.swift in Sources */,
				863703B21DEEDF7900BC1153 /* CardViewController.swift in Sources */,
				8683B2821DEEAC8D0023E3A6 /* MainViewController.swift in Sources */,
			);
			runOnlyForDeploymentPostprocessing = 0;
		};
		8638A9B21DE56CB9002369F9 /* Sources */ = {
			isa = PBXSourcesBuildPhase;
			buildActionMask = 2147483647;
			files = (
				8638A9BB1DE56CB9002369F9 /* HoneybeeTests.swift in Sources */,
			);
			runOnlyForDeploymentPostprocessing = 0;
		};
		8638A9BD1DE56CB9002369F9 /* Sources */ = {
			isa = PBXSourcesBuildPhase;
			buildActionMask = 2147483647;
			files = (
				8638A9C61DE56CB9002369F9 /* HoneybeeUITests.swift in Sources */,
			);
			runOnlyForDeploymentPostprocessing = 0;
		};
/* End PBXSourcesBuildPhase section */

/* Begin PBXTargetDependency section */
		8638A9B81DE56CB9002369F9 /* PBXTargetDependency */ = {
			isa = PBXTargetDependency;
			target = 8638A9A11DE56CB9002369F9 /* Honeybee */;
			targetProxy = 8638A9B71DE56CB9002369F9 /* PBXContainerItemProxy */;
		};
		8638A9C31DE56CB9002369F9 /* PBXTargetDependency */ = {
			isa = PBXTargetDependency;
			target = 8638A9A11DE56CB9002369F9 /* Honeybee */;
			targetProxy = 8638A9C21DE56CB9002369F9 /* PBXContainerItemProxy */;
		};
/* End PBXTargetDependency section */

/* Begin PBXVariantGroup section */
		8638A9AE1DE56CB9002369F9 /* LaunchScreen.storyboard */ = {
			isa = PBXVariantGroup;
			children = (
				8638A9AF1DE56CB9002369F9 /* Base */,
			);
			name = LaunchScreen.storyboard;
			sourceTree = "<group>";
		};
/* End PBXVariantGroup section */

/* Begin XCBuildConfiguration section */
		8638A9C81DE56CB9002369F9 /* Debug */ = {
			isa = XCBuildConfiguration;
			buildSettings = {
				ALWAYS_SEARCH_USER_PATHS = NO;
				CLANG_ANALYZER_NONNULL = YES;
				CLANG_CXX_LANGUAGE_STANDARD = "gnu++0x";
				CLANG_CXX_LIBRARY = "libc++";
				CLANG_ENABLE_MODULES = YES;
				CLANG_ENABLE_OBJC_ARC = YES;
				CLANG_WARN_BOOL_CONVERSION = YES;
				CLANG_WARN_CONSTANT_CONVERSION = YES;
				CLANG_WARN_DIRECT_OBJC_ISA_USAGE = YES_ERROR;
				CLANG_WARN_DOCUMENTATION_COMMENTS = YES;
				CLANG_WARN_EMPTY_BODY = YES;
				CLANG_WARN_ENUM_CONVERSION = YES;
				CLANG_WARN_INFINITE_RECURSION = YES;
				CLANG_WARN_INT_CONVERSION = YES;
				CLANG_WARN_OBJC_ROOT_CLASS = YES_ERROR;
				CLANG_WARN_SUSPICIOUS_MOVES = YES;
				CLANG_WARN_UNREACHABLE_CODE = YES;
				CLANG_WARN__DUPLICATE_METHOD_MATCH = YES;
				"CODE_SIGN_IDENTITY[sdk=iphoneos*]" = "iPhone Developer";
				COPY_PHASE_STRIP = NO;
				DEBUG_INFORMATION_FORMAT = dwarf;
				ENABLE_STRICT_OBJC_MSGSEND = YES;
				ENABLE_TESTABILITY = YES;
				GCC_C_LANGUAGE_STANDARD = gnu99;
				GCC_DYNAMIC_NO_PIC = NO;
				GCC_NO_COMMON_BLOCKS = YES;
				GCC_OPTIMIZATION_LEVEL = 0;
				GCC_PREPROCESSOR_DEFINITIONS = (
					"DEBUG=1",
					"$(inherited)",
				);
				GCC_WARN_64_TO_32_BIT_CONVERSION = YES;
				GCC_WARN_ABOUT_RETURN_TYPE = YES_ERROR;
				GCC_WARN_UNDECLARED_SELECTOR = YES;
				GCC_WARN_UNINITIALIZED_AUTOS = YES_AGGRESSIVE;
				GCC_WARN_UNUSED_FUNCTION = YES;
				GCC_WARN_UNUSED_VARIABLE = YES;
				IPHONEOS_DEPLOYMENT_TARGET = 10.1;
				MTL_ENABLE_DEBUG_INFO = YES;
				ONLY_ACTIVE_ARCH = YES;
				SDKROOT = iphoneos;
				SWIFT_ACTIVE_COMPILATION_CONDITIONS = DEBUG;
				SWIFT_OPTIMIZATION_LEVEL = "-Onone";
			};
			name = Debug;
		};
		8638A9C91DE56CB9002369F9 /* Release */ = {
			isa = XCBuildConfiguration;
			buildSettings = {
				ALWAYS_SEARCH_USER_PATHS = NO;
				CLANG_ANALYZER_NONNULL = YES;
				CLANG_CXX_LANGUAGE_STANDARD = "gnu++0x";
				CLANG_CXX_LIBRARY = "libc++";
				CLANG_ENABLE_MODULES = YES;
				CLANG_ENABLE_OBJC_ARC = YES;
				CLANG_WARN_BOOL_CONVERSION = YES;
				CLANG_WARN_CONSTANT_CONVERSION = YES;
				CLANG_WARN_DIRECT_OBJC_ISA_USAGE = YES_ERROR;
				CLANG_WARN_DOCUMENTATION_COMMENTS = YES;
				CLANG_WARN_EMPTY_BODY = YES;
				CLANG_WARN_ENUM_CONVERSION = YES;
				CLANG_WARN_INFINITE_RECURSION = YES;
				CLANG_WARN_INT_CONVERSION = YES;
				CLANG_WARN_OBJC_ROOT_CLASS = YES_ERROR;
				CLANG_WARN_SUSPICIOUS_MOVES = YES;
				CLANG_WARN_UNREACHABLE_CODE = YES;
				CLANG_WARN__DUPLICATE_METHOD_MATCH = YES;
				"CODE_SIGN_IDENTITY[sdk=iphoneos*]" = "iPhone Developer";
				COPY_PHASE_STRIP = NO;
				DEBUG_INFORMATION_FORMAT = "dwarf-with-dsym";
				ENABLE_NS_ASSERTIONS = NO;
				ENABLE_STRICT_OBJC_MSGSEND = YES;
				GCC_C_LANGUAGE_STANDARD = gnu99;
				GCC_NO_COMMON_BLOCKS = YES;
				GCC_WARN_64_TO_32_BIT_CONVERSION = YES;
				GCC_WARN_ABOUT_RETURN_TYPE = YES_ERROR;
				GCC_WARN_UNDECLARED_SELECTOR = YES;
				GCC_WARN_UNINITIALIZED_AUTOS = YES_AGGRESSIVE;
				GCC_WARN_UNUSED_FUNCTION = YES;
				GCC_WARN_UNUSED_VARIABLE = YES;
				IPHONEOS_DEPLOYMENT_TARGET = 10.1;
				MTL_ENABLE_DEBUG_INFO = NO;
				SDKROOT = iphoneos;
				SWIFT_OPTIMIZATION_LEVEL = "-Owholemodule";
				VALIDATE_PRODUCT = YES;
			};
			name = Release;
		};
		8638A9CB1DE56CB9002369F9 /* Debug */ = {
			isa = XCBuildConfiguration;
			buildSettings = {
				ASSETCATALOG_COMPILER_APPICON_NAME = AppIcon;
				DEVELOPMENT_TEAM = WH5LSELR4Q;
				INFOPLIST_FILE = Honeybee/Info.plist;
				LD_RUNPATH_SEARCH_PATHS = "$(inherited) @executable_path/Frameworks";
				PRODUCT_BUNDLE_IDENTIFIER = Honeybee.Honeybee;
				PRODUCT_NAME = "$(TARGET_NAME)";
				SWIFT_VERSION = 3.0;
			};
			name = Debug;
		};
		8638A9CC1DE56CB9002369F9 /* Release */ = {
			isa = XCBuildConfiguration;
			buildSettings = {
				ASSETCATALOG_COMPILER_APPICON_NAME = AppIcon;
				DEVELOPMENT_TEAM = WH5LSELR4Q;
				INFOPLIST_FILE = Honeybee/Info.plist;
				LD_RUNPATH_SEARCH_PATHS = "$(inherited) @executable_path/Frameworks";
				PRODUCT_BUNDLE_IDENTIFIER = Honeybee.Honeybee;
				PRODUCT_NAME = "$(TARGET_NAME)";
				SWIFT_VERSION = 3.0;
			};
			name = Release;
		};
		8638A9CE1DE56CB9002369F9 /* Debug */ = {
			isa = XCBuildConfiguration;
			buildSettings = {
				ALWAYS_EMBED_SWIFT_STANDARD_LIBRARIES = YES;
				BUNDLE_LOADER = "$(TEST_HOST)";
				DEVELOPMENT_TEAM = WH5LSELR4Q;
				INFOPLIST_FILE = HoneybeeTests/Info.plist;
				LD_RUNPATH_SEARCH_PATHS = "$(inherited) @executable_path/Frameworks @loader_path/Frameworks";
				PRODUCT_BUNDLE_IDENTIFIER = Honeybee.HoneybeeTests;
				PRODUCT_NAME = "$(TARGET_NAME)";
				SWIFT_VERSION = 3.0;
				TEST_HOST = "$(BUILT_PRODUCTS_DIR)/Honeybee.app/Honeybee";
			};
			name = Debug;
		};
		8638A9CF1DE56CB9002369F9 /* Release */ = {
			isa = XCBuildConfiguration;
			buildSettings = {
				ALWAYS_EMBED_SWIFT_STANDARD_LIBRARIES = YES;
				BUNDLE_LOADER = "$(TEST_HOST)";
				DEVELOPMENT_TEAM = WH5LSELR4Q;
				INFOPLIST_FILE = HoneybeeTests/Info.plist;
				LD_RUNPATH_SEARCH_PATHS = "$(inherited) @executable_path/Frameworks @loader_path/Frameworks";
				PRODUCT_BUNDLE_IDENTIFIER = Honeybee.HoneybeeTests;
				PRODUCT_NAME = "$(TARGET_NAME)";
				SWIFT_VERSION = 3.0;
				TEST_HOST = "$(BUILT_PRODUCTS_DIR)/Honeybee.app/Honeybee";
			};
			name = Release;
		};
		8638A9D11DE56CB9002369F9 /* Debug */ = {
			isa = XCBuildConfiguration;
			buildSettings = {
				ALWAYS_EMBED_SWIFT_STANDARD_LIBRARIES = YES;
				DEVELOPMENT_TEAM = WH5LSELR4Q;
				INFOPLIST_FILE = HoneybeeUITests/Info.plist;
				LD_RUNPATH_SEARCH_PATHS = "$(inherited) @executable_path/Frameworks @loader_path/Frameworks";
				PRODUCT_BUNDLE_IDENTIFIER = Honeybee.HoneybeeUITests;
				PRODUCT_NAME = "$(TARGET_NAME)";
				SWIFT_VERSION = 3.0;
				TEST_TARGET_NAME = Honeybee;
			};
			name = Debug;
		};
		8638A9D21DE56CB9002369F9 /* Release */ = {
			isa = XCBuildConfiguration;
			buildSettings = {
				ALWAYS_EMBED_SWIFT_STANDARD_LIBRARIES = YES;
				DEVELOPMENT_TEAM = WH5LSELR4Q;
				INFOPLIST_FILE = HoneybeeUITests/Info.plist;
				LD_RUNPATH_SEARCH_PATHS = "$(inherited) @executable_path/Frameworks @loader_path/Frameworks";
				PRODUCT_BUNDLE_IDENTIFIER = Honeybee.HoneybeeUITests;
				PRODUCT_NAME = "$(TARGET_NAME)";
				SWIFT_VERSION = 3.0;
				TEST_TARGET_NAME = Honeybee;
			};
			name = Release;
		};
/* End XCBuildConfiguration section */

/* Begin XCConfigurationList section */
		8638A99D1DE56CB9002369F9 /* Build configuration list for PBXProject "Honeybee" */ = {
			isa = XCConfigurationList;
			buildConfigurations = (
				8638A9C81DE56CB9002369F9 /* Debug */,
				8638A9C91DE56CB9002369F9 /* Release */,
			);
			defaultConfigurationIsVisible = 0;
			defaultConfigurationName = Release;
		};
		8638A9CA1DE56CB9002369F9 /* Build configuration list for PBXNativeTarget "Honeybee" */ = {
			isa = XCConfigurationList;
			buildConfigurations = (
				8638A9CB1DE56CB9002369F9 /* Debug */,
				8638A9CC1DE56CB9002369F9 /* Release */,
			);
			defaultConfigurationIsVisible = 0;
			defaultConfigurationName = Release;
		};
		8638A9CD1DE56CB9002369F9 /* Build configuration list for PBXNativeTarget "HoneybeeTests" */ = {
			isa = XCConfigurationList;
			buildConfigurations = (
				8638A9CE1DE56CB9002369F9 /* Debug */,
				8638A9CF1DE56CB9002369F9 /* Release */,
			);
			defaultConfigurationIsVisible = 0;
			defaultConfigurationName = Release;
		};
		8638A9D01DE56CB9002369F9 /* Build configuration list for PBXNativeTarget "HoneybeeUITests" */ = {
			isa = XCConfigurationList;
			buildConfigurations = (
				8638A9D11DE56CB9002369F9 /* Debug */,
				8638A9D21DE56CB9002369F9 /* Release */,
			);
			defaultConfigurationIsVisible = 0;
			defaultConfigurationName = Release;
		};
/* End XCConfigurationList section */
	};
	rootObject = 8638A99A1DE56CB9002369F9 /* Project object */;
}
